Microsoft Visual Studio Solution File, Format Version 11.00
# Visual Studio 2008

Project("{A0F7AF4C-57EF-B177-C15A-563922F6C247}") = "TPSMegaman", "Assembly-CSharp.csproj", "{C5CBE1DB-FF01-7C7D-5F41-3775E1768DD9}"
EndProject
Project("{A0F7AF4C-57EF-B177-C15A-563922F6C247}") = "TPSMegaman", "Assembly-CSharp-Editor.csproj", "{3B8A6B25-0641-4743-7AEC-8AF8C3DC02D4}"
EndProject
Global
	GlobalSection(SolutionConfigurationPlatforms) = preSolution
		Debug|Any CPU = Debug|Any CPU
		Release|Any CPU = Release|Any CPU
	EndGlobalSection
	GlobalSection(ProjectConfigurationPlatforms) = postSolution
		{C5CBE1DB-FF01-7C7D-5F41-3775E1768DD9}.Debug|Any CPU.ActiveCfg = Debug|Any CPU
		{C5CBE1DB-FF01-7C7D-5F41-3775E1768DD9}.Debug|Any CPU.Build.0 = Debug|Any CPU
		{C5CBE1DB-FF01-7C7D-5F41-3775E1768DD9}.Release|Any CPU.ActiveCfg = Release|Any CPU
		{C5CBE1DB-FF01-7C7D-5F41-3775E1768DD9}.Release|Any CPU.Build.0 = Release|Any CPU
		{3B8A6B25-0641-4743-7AEC-8AF8C3DC02D4}.Debug|Any CPU.ActiveCfg = Debug|Any CPU
		{3B8A6B25-0641-4743-7AEC-8AF8C3DC02D4}.Debug|Any CPU.Build.0 = Debug|Any CPU
		{3B8A6B25-0641-4743-7AEC-8AF8C3DC02D4}.Release|Any CPU.ActiveCfg = Release|Any CPU
		{3B8A6B25-0641-4743-7AEC-8AF8C3DC02D4}.Release|Any CPU.Build.0 = Release|Any CPU
	EndGlobalSection
	GlobalSection(SolutionProperties) = preSolution
		HideSolutionNode = FALSE
	EndGlobalSection
	GlobalSection(MonoDevelopProperties) = preSolution
		Policies = $0
		$0.TextStylePolicy = $1
		$1.inheritsSet = null
		$1.scope = text/x-csharp
		$0.CSharpFormattingPolicy = $2
		$2.inheritsSet = Mono
		$2.inheritsScope = text/x-csharp
		$2.scope = text/x-csharp
		$0.TextStylePolicy = $3
		$3.FileWidth = 120
		$3.TabsToSpaces = False
		$3.EolMarker = Unix
		$3.inheritsSet = VisualStudio
		$3.inheritsScope = text/plain
		$3.scope = text/plain
	EndGlobalSection
EndGlobal
